// !$*UTF8*$!
{
	archiveVersion = 1;
	classes = {
	};
	objectVersion = 50;
	objects = {

/* Begin PBXBuildFile section */
		6FF0ACF42530AC2800C02CD8 /* DailyCodeApp.swift in Sources */ = {isa = PBXBuildFile; fileRef = 6FF0ACF32530AC2800C02CD8 /* DailyCodeApp.swift */; };
		6FF0ACF62530AC2800C02CD8 /* ContentView.swift in Sources */ = {isa = PBXBuildFile; fileRef = 6FF0ACF52530AC2800C02CD8 /* ContentView.swift */; };
		6FF0ACF82530AC2C00C02CD8 /* Assets.xcassets in Resources */ = {isa = PBXBuildFile; fileRef = 6FF0ACF72530AC2C00C02CD8 /* Assets.xcassets */; };
		6FF0ACFB2530AC2C00C02CD8 /* Preview Assets.xcassets in Resources */ = {isa = PBXBuildFile; fileRef = 6FF0ACFA2530AC2C00C02CD8 /* Preview Assets.xcassets */; };
		6FF0ACFD2530AC2C00C02CD8 /* Persistence.swift in Sources */ = {isa = PBXBuildFile; fileRef = 6FF0ACFC2530AC2C00C02CD8 /* Persistence.swift */; };
		6FF0AD002530AC2C00C02CD8 /* DailyCode.xcdatamodeld in Sources */ = {isa = PBXBuildFile; fileRef = 6FF0ACFE2530AC2C00C02CD8 /* DailyCode.xcdatamodeld */; };
		6FF0AD092530AD8600C02CD8 /* FirstStoryboard.storyboard in Resources */ = {isa = PBXBuildFile; fileRef = 6FF0AD082530AD8600C02CD8 /* FirstStoryboard.storyboard */; };
/* End PBXBuildFile section */

/* Begin PBXFileReference section */
		6FF0ACF02530AC2800C02CD8 /* DailyCode.app */ = {isa = PBXFileReference; explicitFileType = wrapper.application; includeInIndex = 0; path = DailyCode.app; sourceTree = BUILT_PRODUCTS_DIR; };
		6FF0ACF32530AC2800C02CD8 /* DailyCodeApp.swift */ = {isa = PBXFileReference; lastKnownFileType = sourcecode.swift; path = DailyCodeApp.swift; sourceTree = "<group>"; };
		6FF0ACF52530AC2800C02CD8 /* ContentView.swift */ = {isa = PBXFileReference; lastKnownFileType = sourcecode.swift; path = ContentView.swift; sourceTree = "<group>"; };
		6FF0ACF72530AC2C00C02CD8 /* Assets.xcassets */ = {isa = PBXFileReference; lastKnownFileType = folder.assetcatalog; path = Assets.xcassets; sourceTree = "<group>"; };
		6FF0ACFA2530AC2C00C02CD8 /* Preview Assets.xcassets */ = {isa = PBXFileReference; lastKnownFileType = folder.assetcatalog; path = "Preview Assets.xcassets"; sourceTree = "<group>"; };
		6FF0ACFC2530AC2C00C02CD8 /* Persistence.swift */ = {isa = PBXFileReference; lastKnownFileType = sourcecode.swift; path = Persistence.swift; sourceTree = "<group>"; };
		6FF0ACFF2530AC2C00C02CD8 /* DailyCode.xcdatamodel */ = {isa = PBXFileReference; lastKnownFileType = wrapper.xcdatamodel; path = DailyCode.xcdatamodel; sourceTree = "<group>"; };
		6FF0AD012530AC2C00C02CD8 /* Info.plist */ = {isa = PBXFileReference; lastKnownFileType = text.plist.xml; path = Info.plist; sourceTree = "<group>"; };
		6FF0AD082530AD8600C02CD8 /* FirstStoryboard.storyboard */ = {isa = PBXFileReference; lastKnownFileType = file.storyboard; path = FirstStoryboard.storyboard; sourceTree = "<group>"; };
/* End PBXFileReference section */

/* Begin PBXFrameworksBuildPhase section */
		6FF0ACED2530AC2800C02CD8 /* Frameworks */ = {
			isa = PBXFrameworksBuildPhase;
			buildActionMask = 2147483647;
			files = (
			);
			runOnlyForDeploymentPostprocessing = 0;
		};
/* End PBXFrameworksBuildPhase section */

/* Begin PBXGroup section */
		6FF0ACE72530AC2700C02CD8 = {
			isa = PBXGroup;
			children = (
				6FF0ACF22530AC2800C02CD8 /* DailyCode */,
				6FF0ACF12530AC2800C02CD8 /* Products */,
			);
			sourceTree = "<group>";
		};
		6FF0ACF12530AC2800C02CD8 /* Products */ = {
			isa = PBXGroup;
			children = (
				6FF0ACF02530AC2800C02CD8 /* DailyCode.app */,
			);
			name = Products;
			sourceTree = "<group>";
		};
		6FF0ACF22530AC2800C02CD8 /* DailyCode */ = {
			isa = PBXGroup;
			children = (
				6FF0ACF32530AC2800C02CD8 /* DailyCodeApp.swift */,
				6FF0ACF52530AC2800C02CD8 /* ContentView.swift */,
				6FF0ACF72530AC2C00C02CD8 /* Assets.xcassets */,
				6FF0ACFC2530AC2C00C02CD8 /* Persistence.swift */,
				6FF0AD012530AC2C00C02CD8 /* Info.plist */,
				6FF0ACFE2530AC2C00C02CD8 /* DailyCode.xcdatamodeld */,
				6FF0ACF92530AC2C00C02CD8 /* Preview Content */,
			);
			path = DailyCode;
			sourceTree = "<group>";
		};
		6FF0ACF92530AC2C00C02CD8 /* Preview Content */ = {
			isa = PBXGroup;
			children = (
				6FF0ACFA2530AC2C00C02CD8 /* Preview Assets.xcassets */,
				6FF0AD082530AD8600C02CD8 /* FirstStoryboard.storyboard */,
			);
			path = "Preview Content";
			sourceTree = "<group>";
		};
/* End PBXGroup section */

/* Begin PBXNativeTarget section */
		6FF0ACEF2530AC2800C02CD8 /* DailyCode */ = {
			isa = PBXNativeTarget;
			buildConfigurationList = 6FF0AD042530AC2C00C02CD8 /* Build configuration list for PBXNativeTarget "DailyCode" */;
			buildPhases = (
				6FF0ACEC2530AC2800C02CD8 /* Sources */,
				6FF0ACED2530AC2800C02CD8 /* Frameworks */,
				6FF0ACEE2530AC2800C02CD8 /* Resources */,
			);
			buildRules = (
			);
			dependencies = (
			);
			name = DailyCode;
			productName = DailyCode;
			productReference = 6FF0ACF02530AC2800C02CD8 /* DailyCode.app */;
			productType = "com.apple.product-type.application";
		};
/* End PBXNativeTarget section */

/* Begin PBXProject section */
		6FF0ACE82530AC2700C02CD8 /* Project object */ = {
			isa = PBXProject;
			attributes = {
				LastSwiftUpdateCheck = 1200;
				LastUpgradeCheck = 1200;
				TargetAttributes = {
					6FF0ACEF2530AC2800C02CD8 = {
						CreatedOnToolsVersion = 12.0.1;
					};
				};
			};
			buildConfigurationList = 6FF0ACEB2530AC2700C02CD8 /* Build configuration list for PBXProject "DailyCode" */;
			compatibilityVersion = "Xcode 9.3";
			developmentRegion = en;
			hasScannedForEncodings = 0;
			knownRegions = (
				en,
				Base,
			);
			mainGroup = 6FF0ACE72530AC2700C02CD8;
			productRefGroup = 6FF0ACF12530AC2800C02CD8 /* Products */;
			projectDirPath = "";
			projectRoot = "";
			targets = (
				6FF0ACEF2530AC2800C02CD8 /* DailyCode */,
			);
		};
/* End PBXProject section */

/* Begin PBXResourcesBuildPhase section */
		6FF0ACEE2530AC2800C02CD8 /* Resources */ = {
			isa = PBXResourcesBuildPhase;
			buildActionMask = 2147483647;
			files = (
				6FF0AD092530AD8600C02CD8 /* FirstStoryboard.storyboard in Resources */,
				6FF0ACFB2530AC2C00C02CD8 /* Preview Assets.xcassets in Resources */,
				6FF0ACF82530AC2C00C02CD8 /* Assets.xcassets in Resources */,
			);
			runOnlyForDeploymentPostprocessing = 0;
		};
/* End PBXResourcesBuildPhase section */

/* Begin PBXSourcesBuildPhase section */
		6FF0ACEC2530AC2800C02CD8 /* Sources */ = {
			isa = PBXSourcesBuildPhase;
			buildActionMask = 2147483647;
			files = (
				6FF0AD002530AC2C00C02CD8 /* DailyCode.xcdatamodeld in Sources */,
				6FF0ACFD2530AC2C00C02CD8 /* Persistence.swift in Sources */,
				6FF0ACF62530AC2800C02CD8 /* ContentView.swift in Sources */,
				6FF0ACF42530AC2800C02CD8 /* DailyCodeApp.swift in Sources */,
			);
			runOnlyForDeploymentPostprocessing = 0;
		};
/* End PBXSourcesBuildPhase section */

/* Begin XCBuildConfiguration section */
		6FF0AD022530AC2C00C02CD8 /* Debug */ = {
			isa = XCBuildConfiguration;
			buildSettings = {
				ALWAYS_SEARCH_USER_PATHS = NO;
				CLANG_ANALYZER_NONNULL = YES;
				CLANG_ANALYZER_NUMBER_OBJECT_CONVERSION = YES_AGGRESSIVE;
				CLANG_CXX_LANGUAGE_STANDARD = "gnu++14";
				CLANG_CXX_LIBRARY = "libc++";
				CLANG_ENABLE_MODULES = YES;
				CLANG_ENABLE_OBJC_ARC = YES;
				CLANG_ENABLE_OBJC_WEAK = YES;
				CLANG_WARN_BLOCK_CAPTURE_AUTORELEASING = YES;
				CLANG_WARN_BOOL_CONVERSION = YES;
				CLANG_WARN_COMMA = YES;
				CLANG_WARN_CONSTANT_CONVERSION = YES;
				CLANG_WARN_DEPRECATED_OBJC_IMPLEMENTATIONS = YES;
				CLANG_WARN_DIRECT_OBJC_ISA_USAGE = YES_ERROR;
				CLANG_WARN_DOCUMENTATION_COMMENTS = YES;
				CLANG_WARN_EMPTY_BODY = YES;
				CLANG_WARN_ENUM_CONVERSION = YES;
				CLANG_WARN_INFINITE_RECURSION = YES;
				CLANG_WARN_INT_CONVERSION = YES;
				CLANG_WARN_NON_LITERAL_NULL_CONVERSION = YES;
				CLANG_WARN_OBJC_IMPLICIT_RETAIN_SELF = YES;
				CLANG_WARN_OBJC_LITERAL_CONVERSION = YES;
				CLANG_WARN_OBJC_ROOT_CLASS = YES_ERROR;
				CLANG_WARN_QUOTED_INCLUDE_IN_FRAMEWORK_HEADER = YES;
				CLANG_WARN_RANGE_LOOP_ANALYSIS = YES;
				CLANG_WARN_STRICT_PROTOTYPES = YES;
				CLANG_WARN_SUSPICIOUS_MOVE = YES;
				CLANG_WARN_UNGUARDED_AVAILABILITY = YES_AGGRESSIVE;
				CLANG_WARN_UNREACHABLE_CODE = YES;
				CLANG_WARN__DUPLICATE_METHOD_MATCH = YES;
				COPY_PHASE_STRIP = NO;
				DEBUG_INFORMATION_FORMAT = dwarf;
				ENABLE_STRICT_OBJC_MSGSEND = YES;
				ENABLE_TESTABILITY = YES;
				GCC_C_LANGUAGE_STANDARD = gnu11;
				GCC_DYNAMIC_NO_PIC = NO;
				GCC_NO_COMMON_BLOCKS = YES;
				GCC_OPTIMIZATION_LEVEL = 0;
				GCC_PREPROCESSOR_DEFINITIONS = (
					"DEBUG=1",
					"$(inherited)",
				);
				GCC_WARN_64_TO_32_BIT_CONVERSION = YES;
				GCC_WARN_ABOUT_RETURN_TYPE = YES_ERROR;
				GCC_WARN_UNDECLARED_SELECTOR = YES;
				GCC_WARN_UNINITIALIZED_AUTOS = YES_AGGRESSIVE;
				GCC_WARN_UNUSED_FUNCTION = YES;
				GCC_WARN_UNUSED_VARIABLE = YES;
				IPHONEOS_DEPLOYMENT_TARGET = 14.0;
				MTL_ENABLE_DEBUG_INFO = INCLUDE_SOURCE;
				MTL_FAST_MATH = YES;
				ONLY_ACTIVE_ARCH = YES;
				SDKROOT = iphoneos;
				SWIFT_ACTIVE_COMPILATION_CONDITIONS = DEBUG;
				SWIFT_OPTIMIZATION_LEVEL = "-Onone";
			};
			name = Debug;
		};
		6FF0AD032530AC2C00C02CD8 /* Release */ = {
			isa = XCBuildConfiguration;
			buildSettings = {
				ALWAYS_SEARCH_USER_PATHS = NO;
				CLANG_ANALYZER_NONNULL = YES;
				CLANG_ANALYZER_NUMBER_OBJECT_CONVERSION = YES_AGGRESSIVE;
				CLANG_CXX_LANGUAGE_STANDARD = "gnu++14";
				CLANG_CXX_LIBRARY = "libc++";
				CLANG_ENABLE_MODULES = YES;
				CLANG_ENABLE_OBJC_ARC = YES;
				CLANG_ENABLE_OBJC_WEAK = YES;
				CLANG_WARN_BLOCK_CAPTURE_AUTORELEASING = YES;
				CLANG_WARN_BOOL_CONVERSION = YES;
				CLANG_WARN_COMMA = YES;
				CLANG_WARN_CONSTANT_CONVERSION = YES;
				CLANG_WARN_DEPRECATED_OBJC_IMPLEMENTATIONS = YES;
				CLANG_WARN_DIRECT_OBJC_ISA_USAGE = YES_ERROR;
				CLANG_WARN_DOCUMENTATION_COMMENTS = YES;
				CLANG_WARN_EMPTY_BODY = YES;
				CLANG_WARN_ENUM_CONVERSION = YES;
				CLANG_WARN_INFINITE_RECURSION = YES;
				CLANG_WARN_INT_CONVERSION = YES;
				CLANG_WARN_NON_LITERAL_NULL_CONVERSION = YES;
				CLANG_WARN_OBJC_IMPLICIT_RETAIN_SELF = YES;
				CLANG_WARN_OBJC_LITERAL_CONVERSION = YES;
				CLANG_WARN_OBJC_ROOT_CLASS = YES_ERROR;
				CLANG_WARN_QUOTED_INCLUDE_IN_FRAMEWORK_HEADER = YES;
				CLANG_WARN_RANGE_LOOP_ANALYSIS = YES;
				CLANG_WARN_STRICT_PROTOTYPES = YES;
				CLANG_WARN_SUSPICIOUS_MOVE = YES;
				CLANG_WARN_UNGUARDED_AVAILABILITY = YES_AGGRESSIVE;
				CLANG_WARN_UNREACHABLE_CODE = YES;
				CLANG_WARN__DUPLICATE_METHOD_MATCH = YES;
				COPY_PHASE_STRIP = NO;
				DEBUG_INFORMATION_FORMAT = "dwarf-with-dsym";
				ENABLE_NS_ASSERTIONS = NO;
				ENABLE_STRICT_OBJC_MSGSEND = YES;
				GCC_C_LANGUAGE_STANDARD = gnu11;
				GCC_NO_COMMON_BLOCKS = YES;
				GCC_WARN_64_TO_32_BIT_CONVERSION = YES;
				GCC_WARN_ABOUT_RETURN_TYPE = YES_ERROR;
				GCC_WARN_UNDECLARED_SELECTOR = YES;
				GCC_WARN_UNINITIALIZED_AUTOS = YES_AGGRESSIVE;
				GCC_WARN_UNUSED_FUNCTION = YES;
				GCC_WARN_UNUSED_VARIABLE = YES;
				IPHONEOS_DEPLOYMENT_TARGET = 14.0;
				MTL_ENABLE_DEBUG_INFO = NO;
				MTL_FAST_MATH = YES;
				SDKROOT = iphoneos;
				SWIFT_COMPILATION_MODE = wholemodule;
				SWIFT_OPTIMIZATION_LEVEL = "-O";
				VALIDATE_PRODUCT = YES;
			};
			name = Release;
		};
		6FF0AD052530AC2C00C02CD8 /* Debug */ = {
			isa = XCBuildConfiguration;
			buildSettings = {
				ASSETCATALOG_COMPILER_APPICON_NAME = AppIcon;
				ASSETCATALOG_COMPILER_GLOBAL_ACCENT_COLOR_NAME = AccentColor;
				CODE_SIGN_STYLE = Automatic;
				DEVELOPMENT_ASSET_PATHS = "\"DailyCode/Preview Content\"";
				DEVELOPMENT_TEAM = 5LDM4NM6JZ;
				ENABLE_PREVIEWS = YES;
				INFOPLIST_FILE = DailyCode/Info.plist;
				IPHONEOS_DEPLOYMENT_TARGET = 14.0;
				LD_RUNPATH_SEARCH_PATHS = (
					"$(inherited)",
					"@executable_path/Frameworks",
				);
				PRODUCT_BUNDLE_IDENTIFIER = com.kcars.DailyCode;
				PRODUCT_NAME = "$(TARGET_NAME)";
				SWIFT_VERSION = 5.0;
				TARGETED_DEVICE_FAMILY = "1,2";
			};
			name = Debug;
		};
		6FF0AD062530AC2C00C02CD8 /* Release */ = {
			isa = XCBuildConfiguration;
			buildSettings = {
				ASSETCATALOG_COMPILER_APPICON_NAME = AppIcon;
				ASSETCATALOG_COMPILER_GLOBAL_ACCENT_COLOR_NAME = AccentColor;
				CODE_SIGN_STYLE = Automatic;
				DEVELOPMENT_ASSET_PATHS = "\"DailyCode/Preview Content\"";
				DEVELOPMENT_TEAM = 5LDM4NM6JZ;
				ENABLE_PREVIEWS = YES;
				INFOPLIST_FILE = DailyCode/Info.plist;
				IPHONEOS_DEPLOYMENT_TARGET = 14.0;
				LD_RUNPATH_SEARCH_PATHS = (
					"$(inherited)",
					"@executable_path/Frameworks",
				);
				PRODUCT_BUNDLE_IDENTIFIER = com.kcars.DailyCode;
				PRODUCT_NAME = "$(TARGET_NAME)";
				SWIFT_VERSION = 5.0;
				TARGETED_DEVICE_FAMILY = "1,2";
			};
			name = Release;
		};
/* End XCBuildConfiguration section */

/* Begin XCConfigurationList section */
		6FF0ACEB2530AC2700C02CD8 /* Build configuration list for PBXProject "DailyCode" */ = {
			isa = XCConfigurationList;
			buildConfigurations = (
				6FF0AD022530AC2C00C02CD8 /* Debug */,
				6FF0AD032530AC2C00C02CD8 /* Release */,
			);
			defaultConfigurationIsVisible = 0;
			defaultConfigurationName = Release;
		};
		6FF0AD042530AC2C00C02CD8 /* Build configuration list for PBXNativeTarget "DailyCode" */ = {
			isa = XCConfigurationList;
			buildConfigurations = (
				6FF0AD052530AC2C00C02CD8 /* Debug */,
				6FF0AD062530AC2C00C02CD8 /* Release */,
			);
			defaultConfigurationIsVisible = 0;
			defaultConfigurationName = Release;
		};
/* End XCConfigurationList section */

/* Begin XCVersionGroup section */
		6FF0ACFE2530AC2C00C02CD8 /* DailyCode.xcdatamodeld */ = {
			isa = XCVersionGroup;
			children = (
				6FF0ACFF2530AC2C00C02CD8 /* DailyCode.xcdatamodel */,
			);
			currentVersion = 6FF0ACFF2530AC2C00C02CD8 /* DailyCode.xcdatamodel */;
			path = DailyCode.xcdatamodeld;
			sourceTree = "<group>";
			versionGroupType = wrapper.xcdatamodel;
		};
/* End XCVersionGroup section */
	};
	rootObject = 6FF0ACE82530AC2700C02CD8 /* Project object */;
}
